// !$*UTF8*$!
{
	archiveVersion = 1;
	classes = {
	};
	objectVersion = 50;
	objects = {

/* Begin PBXBuildFile section */
		825050CC23E03E8B002FC891 /* AppDelegate.swift in Sources */ = {isa = PBXBuildFile; fileRef = 825050CB23E03E8B002FC891 /* AppDelegate.swift */; };
		825050CE23E03E8B002FC891 /* SceneDelegate.swift in Sources */ = {isa = PBXBuildFile; fileRef = 825050CD23E03E8B002FC891 /* SceneDelegate.swift */; };
		825050D023E03E8B002FC891 /* ViewController.swift in Sources */ = {isa = PBXBuildFile; fileRef = 825050CF23E03E8B002FC891 /* ViewController.swift */; };
		825050D323E03E8B002FC891 /* Main.storyboard in Resources */ = {isa = PBXBuildFile; fileRef = 825050D123E03E8B002FC891 /* Main.storyboard */; };
		825050D523E03E8C002FC891 /* Assets.xcassets in Resources */ = {isa = PBXBuildFile; fileRef = 825050D423E03E8C002FC891 /* Assets.xcassets */; };
		825050D823E03E8C002FC891 /* LaunchScreen.storyboard in Resources */ = {isa = PBXBuildFile; fileRef = 825050D623E03E8C002FC891 /* LaunchScreen.storyboard */; };
/* End PBXBuildFile section */

/* Begin PBXFileReference section */
		825050C823E03E8B002FC891 /* DesafioSS_v3.app */ = {isa = PBXFileReference; explicitFileType = wrapper.application; includeInIndex = 0; path = DesafioSS_v3.app; sourceTree = BUILT_PRODUCTS_DIR; };
		825050CB23E03E8B002FC891 /* AppDelegate.swift */ = {isa = PBXFileReference; lastKnownFileType = sourcecode.swift; path = AppDelegate.swift; sourceTree = "<group>"; };
		825050CD23E03E8B002FC891 /* SceneDelegate.swift */ = {isa = PBXFileReference; lastKnownFileType = sourcecode.swift; path = SceneDelegate.swift; sourceTree = "<group>"; };
		825050CF23E03E8B002FC891 /* ViewController.swift */ = {isa = PBXFileReference; lastKnownFileType = sourcecode.swift; path = ViewController.swift; sourceTree = "<group>"; };
		825050D223E03E8B002FC891 /* Base */ = {isa = PBXFileReference; lastKnownFileType = file.storyboard; name = Base; path = Base.lproj/Main.storyboard; sourceTree = "<group>"; };
		825050D423E03E8C002FC891 /* Assets.xcassets */ = {isa = PBXFileReference; lastKnownFileType = folder.assetcatalog; path = Assets.xcassets; sourceTree = "<group>"; };
		825050D723E03E8C002FC891 /* Base */ = {isa = PBXFileReference; lastKnownFileType = file.storyboard; name = Base; path = Base.lproj/LaunchScreen.storyboard; sourceTree = "<group>"; };
		825050D923E03E8C002FC891 /* Info.plist */ = {isa = PBXFileReference; lastKnownFileType = text.plist.xml; path = Info.plist; sourceTree = "<group>"; };
/* End PBXFileReference section */

/* Begin PBXFrameworksBuildPhase section */
		825050C523E03E8B002FC891 /* Frameworks */ = {
			isa = PBXFrameworksBuildPhase;
			buildActionMask = 2147483647;
			files = (
			);
			runOnlyForDeploymentPostprocessing = 0;
		};
/* End PBXFrameworksBuildPhase section */

/* Begin PBXGroup section */
		825050BF23E03E8B002FC891 = {
			isa = PBXGroup;
			children = (
				825050CA23E03E8B002FC891 /* DesafioSS_v3 */,
				825050C923E03E8B002FC891 /* Products */,
			);
			sourceTree = "<group>";
		};
		825050C923E03E8B002FC891 /* Products */ = {
			isa = PBXGroup;
			children = (
				825050C823E03E8B002FC891 /* DesafioSS_v3.app */,
			);
			name = Products;
			sourceTree = "<group>";
		};
		825050CA23E03E8B002FC891 /* DesafioSS_v3 */ = {
			isa = PBXGroup;
			children = (
				825050CB23E03E8B002FC891 /* AppDelegate.swift */,
				825050CD23E03E8B002FC891 /* SceneDelegate.swift */,
				825050CF23E03E8B002FC891 /* ViewController.swift */,
				825050D123E03E8B002FC891 /* Main.storyboard */,
				825050D423E03E8C002FC891 /* Assets.xcassets */,
				825050D623E03E8C002FC891 /* LaunchScreen.storyboard */,
				825050D923E03E8C002FC891 /* Info.plist */,
			);
			path = DesafioSS_v3;
			sourceTree = "<group>";
		};
/* End PBXGroup section */

/* Begin PBXNativeTarget section */
		825050C723E03E8B002FC891 /* DesafioSS_v3 */ = {
			isa = PBXNativeTarget;
			buildConfigurationList = 825050DC23E03E8C002FC891 /* Build configuration list for PBXNativeTarget "DesafioSS_v3" */;
			buildPhases = (
				825050C423E03E8B002FC891 /* Sources */,
				825050C523E03E8B002FC891 /* Frameworks */,
				825050C623E03E8B002FC891 /* Resources */,
			);
			buildRules = (
			);
			dependencies = (
			);
			name = DesafioSS_v3;
			productName = DesafioSS_v3;
			productReference = 825050C823E03E8B002FC891 /* DesafioSS_v3.app */;
			productType = "com.apple.product-type.application";
		};
/* End PBXNativeTarget section */

/* Begin PBXProject section */
		825050C023E03E8B002FC891 /* Project object */ = {
			isa = PBXProject;
			attributes = {
				LastSwiftUpdateCheck = 1110;
				LastUpgradeCheck = 1110;
				ORGANIZATIONNAME = "Thiago Rosa Ataide";
				TargetAttributes = {
					825050C723E03E8B002FC891 = {
						CreatedOnToolsVersion = 11.1;
					};
				};
			};
			buildConfigurationList = 825050C323E03E8B002FC891 /* Build configuration list for PBXProject "DesafioSS_v3" */;
			compatibilityVersion = "Xcode 9.3";
			developmentRegion = en;
			hasScannedForEncodings = 0;
			knownRegions = (
				en,
				Base,
			);
			mainGroup = 825050BF23E03E8B002FC891;
			productRefGroup = 825050C923E03E8B002FC891 /* Products */;
			projectDirPath = "";
			projectRoot = "";
			targets = (
				825050C723E03E8B002FC891 /* DesafioSS_v3 */,
			);
		};
/* End PBXProject section */

/* Begin PBXResourcesBuildPhase section */
		825050C623E03E8B002FC891 /* Resources */ = {
			isa = PBXResourcesBuildPhase;
			buildActionMask = 2147483647;
			files = (
				825050D823E03E8C002FC891 /* LaunchScreen.storyboard in Resources */,
				825050D523E03E8C002FC891 /* Assets.xcassets in Resources */,
				825050D323E03E8B002FC891 /* Main.storyboard in Resources */,
			);
			runOnlyForDeploymentPostprocessing = 0;
		};
/* End PBXResourcesBuildPhase section */

/* Begin PBXSourcesBuildPhase section */
		825050C423E03E8B002FC891 /* Sources */ = {
			isa = PBXSourcesBuildPhase;
			buildActionMask = 2147483647;
			files = (
				825050D023E03E8B002FC891 /* ViewController.swift in Sources */,
				825050CC23E03E8B002FC891 /* AppDelegate.swift in Sources */,
				825050CE23E03E8B002FC891 /* SceneDelegate.swift in Sources */,
			);
			runOnlyForDeploymentPostprocessing = 0;
		};
/* End PBXSourcesBuildPhase section */

/* Begin PBXVariantGroup section */
		825050D123E03E8B002FC891 /* Main.storyboard */ = {
			isa = PBXVariantGroup;
			children = (
				825050D223E03E8B002FC891 /* Base */,
			);
			name = Main.storyboard;
			sourceTree = "<group>";
		};
		825050D623E03E8C002FC891 /* LaunchScreen.storyboard */ = {
			isa = PBXVariantGroup;
			children = (
				825050D723E03E8C002FC891 /* Base */,
			);
			name = LaunchScreen.storyboard;
			sourceTree = "<group>";
		};
/* End PBXVariantGroup section */

/* Begin XCBuildConfiguration section */
		825050DA23E03E8C002FC891 /* Debug */ = {
			isa = XCBuildConfiguration;
			buildSettings = {
				ALWAYS_SEARCH_USER_PATHS = NO;
				CLANG_ANALYZER_NONNULL = YES;
				CLANG_ANALYZER_NUMBER_OBJECT_CONVERSION = YES_AGGRESSIVE;
				CLANG_CXX_LANGUAGE_STANDARD = "gnu++14";
				CLANG_CXX_LIBRARY = "libc++";
				CLANG_ENABLE_MODULES = YES;
				CLANG_ENABLE_OBJC_ARC = YES;
				CLANG_ENABLE_OBJC_WEAK = YES;
				CLANG_WARN_BLOCK_CAPTURE_AUTORELEASING = YES;
				CLANG_WARN_BOOL_CONVERSION = YES;
				CLANG_WARN_COMMA = YES;
				CLANG_WARN_CONSTANT_CONVERSION = YES;
				CLANG_WARN_DEPRECATED_OBJC_IMPLEMENTATIONS = YES;
				CLANG_WARN_DIRECT_OBJC_ISA_USAGE = YES_ERROR;
				CLANG_WARN_DOCUMENTATION_COMMENTS = YES;
				CLANG_WARN_EMPTY_BODY = YES;
				CLANG_WARN_ENUM_CONVERSION = YES;
				CLANG_WARN_INFINITE_RECURSION = YES;
				CLANG_WARN_INT_CONVERSION = YES;
				CLANG_WARN_NON_LITERAL_NULL_CONVERSION = YES;
				CLANG_WARN_OBJC_IMPLICIT_RETAIN_SELF = YES;
				CLANG_WARN_OBJC_LITERAL_CONVERSION = YES;
				CLANG_WARN_OBJC_ROOT_CLASS = YES_ERROR;
				CLANG_WARN_RANGE_LOOP_ANALYSIS = YES;
				CLANG_WARN_STRICT_PROTOTYPES = YES;
				CLANG_WARN_SUSPICIOUS_MOVE = YES;
				CLANG_WARN_UNGUARDED_AVAILABILITY = YES_AGGRESSIVE;
				CLANG_WARN_UNREACHABLE_CODE = YES;
				CLANG_WARN__DUPLICATE_METHOD_MATCH = YES;
				COPY_PHASE_STRIP = NO;
				DEBUG_INFORMATION_FORMAT = dwarf;
				ENABLE_STRICT_OBJC_MSGSEND = YES;
				ENABLE_TESTABILITY = YES;
				GCC_C_LANGUAGE_STANDARD = gnu11;
				GCC_DYNAMIC_NO_PIC = NO;
				GCC_NO_COMMON_BLOCKS = YES;
				GCC_OPTIMIZATION_LEVEL = 0;
				GCC_PREPROCESSOR_DEFINITIONS = (
					"DEBUG=1",
					"$(inherited)",
				);
				GCC_WARN_64_TO_32_BIT_CONVERSION = YES;
				GCC_WARN_ABOUT_RETURN_TYPE = YES_ERROR;
				GCC_WARN_UNDECLARED_SELECTOR = YES;
				GCC_WARN_UNINITIALIZED_AUTOS = YES_AGGRESSIVE;
				GCC_WARN_UNUSED_FUNCTION = YES;
				GCC_WARN_UNUSED_VARIABLE = YES;
				IPHONEOS_DEPLOYMENT_TARGET = 13.1;
				MTL_ENABLE_DEBUG_INFO = INCLUDE_SOURCE;
				MTL_FAST_MATH = YES;
				ONLY_ACTIVE_ARCH = YES;
				SDKROOT = iphoneos;
				SWIFT_ACTIVE_COMPILATION_CONDITIONS = DEBUG;
				SWIFT_OPTIMIZATION_LEVEL = "-Onone";
			};
			name = Debug;
		};
		825050DB23E03E8C002FC891 /* Release */ = {
			isa = XCBuildConfiguration;
			buildSettings = {
				ALWAYS_SEARCH_USER_PATHS = NO;
				CLANG_ANALYZER_NONNULL = YES;
				CLANG_ANALYZER_NUMBER_OBJECT_CONVERSION = YES_AGGRESSIVE;
				CLANG_CXX_LANGUAGE_STANDARD = "gnu++14";
				CLANG_CXX_LIBRARY = "libc++";
				CLANG_ENABLE_MODULES = YES;
				CLANG_ENABLE_OBJC_ARC = YES;
				CLANG_ENABLE_OBJC_WEAK = YES;
				CLANG_WARN_BLOCK_CAPTURE_AUTORELEASING = YES;
				CLANG_WARN_BOOL_CONVERSION = YES;
				CLANG_WARN_COMMA = YES;
				CLANG_WARN_CONSTANT_CONVERSION = YES;
				CLANG_WARN_DEPRECATED_OBJC_IMPLEMENTATIONS = YES;
				CLANG_WARN_DIRECT_OBJC_ISA_USAGE = YES_ERROR;
				CLANG_WARN_DOCUMENTATION_COMMENTS = YES;
				CLANG_WARN_EMPTY_BODY = YES;
				CLANG_WARN_ENUM_CONVERSION = YES;
				CLANG_WARN_INFINITE_RECURSION = YES;
				CLANG_WARN_INT_CONVERSION = YES;
				CLANG_WARN_NON_LITERAL_NULL_CONVERSION = YES;
				CLANG_WARN_OBJC_IMPLICIT_RETAIN_SELF = YES;
				CLANG_WARN_OBJC_LITERAL_CONVERSION = YES;
				CLANG_WARN_OBJC_ROOT_CLASS = YES_ERROR;
				CLANG_WARN_RANGE_LOOP_ANALYSIS = YES;
				CLANG_WARN_STRICT_PROTOTYPES = YES;
				CLANG_WARN_SUSPICIOUS_MOVE = YES;
				CLANG_WARN_UNGUARDED_AVAILABILITY = YES_AGGRESSIVE;
				CLANG_WARN_UNREACHABLE_CODE = YES;
				CLANG_WARN__DUPLICATE_METHOD_MATCH = YES;
				COPY_PHASE_STRIP = NO;
				DEBUG_INFORMATION_FORMAT = "dwarf-with-dsym";
				ENABLE_NS_ASSERTIONS = NO;
				ENABLE_STRICT_OBJC_MSGSEND = YES;
				GCC_C_LANGUAGE_STANDARD = gnu11;
				GCC_NO_COMMON_BLOCKS = YES;
				GCC_WARN_64_TO_32_BIT_CONVERSION = YES;
				GCC_WARN_ABOUT_RETURN_TYPE = YES_ERROR;
				GCC_WARN_UNDECLARED_SELECTOR = YES;
				GCC_WARN_UNINITIALIZED_AUTOS = YES_AGGRESSIVE;
				GCC_WARN_UNUSED_FUNCTION = YES;
				GCC_WARN_UNUSED_VARIABLE = YES;
				IPHONEOS_DEPLOYMENT_TARGET = 13.1;
				MTL_ENABLE_DEBUG_INFO = NO;
				MTL_FAST_MATH = YES;
				SDKROOT = iphoneos;
				SWIFT_COMPILATION_MODE = wholemodule;
				SWIFT_OPTIMIZATION_LEVEL = "-O";
				VALIDATE_PRODUCT = YES;
			};
			name = Release;
		};
		825050DD23E03E8C002FC891 /* Debug */ = {
			isa = XCBuildConfiguration;
			buildSettings = {
				ASSETCATALOG_COMPILER_APPICON_NAME = AppIcon;
				CODE_SIGN_STYLE = Automatic;
				DEVELOPMENT_TEAM = YVSXQU8DSY;
				INFOPLIST_FILE = DesafioSS_v3/Info.plist;
				LD_RUNPATH_SEARCH_PATHS = (
					"$(inherited)",
					"@executable_path/Frameworks",
				);
				PRODUCT_BUNDLE_IDENTIFIER = "TRConsultoria.DesafioSS-v3";
				PRODUCT_NAME = "$(TARGET_NAME)";
				SWIFT_VERSION = 5.0;
				TARGETED_DEVICE_FAMILY = "1,2";
			};
			name = Debug;
		};
		825050DE23E03E8C002FC891 /* Release */ = {
			isa = XCBuildConfiguration;
			buildSettings = {
				ASSETCATALOG_COMPILER_APPICON_NAME = AppIcon;
				CODE_SIGN_STYLE = Automatic;
				DEVELOPMENT_TEAM = YVSXQU8DSY;
				INFOPLIST_FILE = DesafioSS_v3/Info.plist;
				LD_RUNPATH_SEARCH_PATHS = (
					"$(inherited)",
					"@executable_path/Frameworks",
				);
				PRODUCT_BUNDLE_IDENTIFIER = "TRConsultoria.DesafioSS-v3";
				PRODUCT_NAME = "$(TARGET_NAME)";
				SWIFT_VERSION = 5.0;
				TARGETED_DEVICE_FAMILY = "1,2";
			};
			name = Release;
		};
/* End XCBuildConfiguration section */

/* Begin XCConfigurationList section */
		825050C323E03E8B002FC891 /* Build configuration list for PBXProject "DesafioSS_v3" */ = {
			isa = XCConfigurationList;
			buildConfigurations = (
				825050DA23E03E8C002FC891 /* Debug */,
				825050DB23E03E8C002FC891 /* Release */,
			);
			defaultConfigurationIsVisible = 0;
			defaultConfigurationName = Release;
		};
		825050DC23E03E8C002FC891 /* Build configuration list for PBXNativeTarget "DesafioSS_v3" */ = {
			isa = XCConfigurationList;
			buildConfigurations = (
				825050DD23E03E8C002FC891 /* Debug */,
				825050DE23E03E8C002FC891 /* Release */,
			);
			defaultConfigurationIsVisible = 0;
			defaultConfigurationName = Release;
		};
/* End XCConfigurationList section */
	};
	rootObject = 825050C023E03E8B002FC891 /* Project object */;
}
